
Microsoft Visual Studio Solution File, Format Version 12.00
# Visual Studio Version 16
VisualStudioVersion = 16.0.30406.217
MinimumVisualStudioVersion = 10.0.40219.1
Project("{FAE04EC0-301F-11D3-BF4B-00C04F79EFBC}") = "YCwebTest", "YCwebTest\YCwebTest.csproj", "{A7175B05-8ECF-40DE-95B3-D49261683BCA}"
EndProject
Global
	GlobalSection(SolutionConfigurationPlatforms) = preSolution
		Debug|Any CPU = Debug|Any CPU
		Release|Any CPU = Release|Any CPU
	EndGlobalSection
	GlobalSection(ProjectConfigurationPlatforms) = postSolution
		{A7175B05-8ECF-40DE-95B3-D49261683BCA}.Debug|Any CPU.ActiveCfg = Debug|Any CPU
		{A7175B05-8ECF-40DE-95B3-D49261683BCA}.Debug|Any CPU.Build.0 = Debug|Any CPU
		{A7175B05-8ECF-40DE-95B3-D49261683BCA}.Release|Any CPU.ActiveCfg = Release|Any CPU
		{A7175B05-8ECF-40DE-95B3-D49261683BCA}.Release|Any CPU.Build.0 = Release|Any CPU
	EndGlobalSection
	GlobalSection(SolutionProperties) = preSolution
		HideSolutionNode = FALSE
	EndGlobalSection
	GlobalSection(ExtensibilityGlobals) = postSolution
		SolutionGuid = {7C491F26-0A17-4637-B582-25EF375C6ECF}
	EndGlobalSection
EndGlobal
